{
  "name": "backend",
  "version": "1.0.0",
  "lockfileVersion": 3,
  "requires": true,
  "packages": {
    "": {
      "name": "backend",
      "version": "1.0.0",
      "license": "ISC",
      "dependencies": {
        "cors": "^2.8.5",
        "dotenv": "^17.2.3",
        "express": "^5.1.0",
        "mongodb": "^6.20.0",
        "mongoose": "^8.19.2"
      },
      "devDependencies": {
        "nodemon": "^3.1.10"
      }
    }
  },
  "dependencies": {
    "cors": {
      "version": "2.8.5",
      "resolved": "https://registry.npmjs.org/cors/-/cors-2.8.5.tgz",
      "integrity": "sha512-KIHbLJqu73RGr/hnbrO9uBeixNGuvSQjul/jdFvS/KFSIH1hWVd1ng7zOHx+YrEfInLG7q4n6GHQ9cDtxv/P6g=="
    },
    "dotenv": {
      "version": "17.2.3",
      "resolved": "https://registry.npmjs.org/dotenv/-/dotenv-17.2.3.tgz",
      "integrity": "sha512-JVUnt+DUIzu87TABbhPmNfVdBDt18BLOWjMUFJMSi/Qqg7NTYtabbvSNJGOJ7afbRuv9D/lngizHtP7QyLQ+9w=="
    },
    "express": {
      "version": "5.1.0",
      "resolved": "https://registry.npmjs.org/express/-/express-5.1.0.tgz",
      "integrity": "sha512-DT9ck5YIRU+8GYzzU5kT3eHGA5iL+1Zd0EutOmTE9Dtk+Tvuzd23VBU+ec7HPNSTxXYO55gPV/hq4pSBJDjFpA=="
    },
    "mongodb": {
      "version": "6.20.0",
      "resolved": "https://registry.npmjs.org/mongodb/-/mongodb-6.20.0.tgz",
      "integrity": "sha512-Tl6MEIU3K4Rq3TSHd+sZQqRBoGlFsOgNrH5ltAcFBV62Re3Fd+FcaVf8uSEQFOJ51SDowDVttBTONMfoYWrWlQ=="
    },
    "mongoose": {
      "version": "8.19.2",
      "resolved": "https://registry.npmjs.org/mongoose/-/mongoose-8.19.2.tgz",
      "integrity": "sha512-ww2T4dBV+suCbOfG5YPwj9pLCfUVyj8FEA1D3Ux1HHqutpLxGyOYEPU06iPRBW4cKr3PJfOSYsIpHWPTkz5zig=="
    },
    "nodemon": {
      "version": "3.1.10",
      "resolved": "https://registry.npmjs.org/nodemon/-/nodemon-3.1.10.tgz",
      "integrity": "sha512-WDjw3pJ0/0jMFmyNDp3gvY2YizjLmmOUQo6DEBY+JgdvW/yQ9mEeSw6H5ythl5Ny2ytb7f9C2nIbjSxMNzbJXw==",
      "dev": true
    }
  }
}
